
Microsoft Visual Studio Solution File, Format Version 12.00
# Visual Studio 14
VisualStudioVersion = 14.0.25123.0
MinimumVisualStudioVersion = 10.0.40219.1
Project("{FAE04EC0-301F-11D3-BF4B-00C04F79EFBC}") = "iep-ecommerce", "iep-ecommerce\iep-ecommerce.csproj", "{C901C6D6-906E-4533-8412-582D39E5B4E0}"
EndProject
Project("{FAE04EC0-301F-11D3-BF4B-00C04F79EFBC}") = "iep-ecommerce.Tests", "iep-ecommerce.Tests\iep-ecommerce.Tests.csproj", "{9CC183DF-873D-42B2-8B6C-F3328F2F3EA4}"
EndProject
Global
	GlobalSection(SolutionConfigurationPlatforms) = preSolution
		Debug|Any CPU = Debug|Any CPU
		Release|Any CPU = Release|Any CPU
	EndGlobalSection
	GlobalSection(ProjectConfigurationPlatforms) = postSolution
		{C901C6D6-906E-4533-8412-582D39E5B4E0}.Debug|Any CPU.ActiveCfg = Debug|Any CPU
		{C901C6D6-906E-4533-8412-582D39E5B4E0}.Debug|Any CPU.Build.0 = Debug|Any CPU
		{C901C6D6-906E-4533-8412-582D39E5B4E0}.Release|Any CPU.ActiveCfg = Release|Any CPU
		{C901C6D6-906E-4533-8412-582D39E5B4E0}.Release|Any CPU.Build.0 = Release|Any CPU
		{9CC183DF-873D-42B2-8B6C-F3328F2F3EA4}.Debug|Any CPU.ActiveCfg = Debug|Any CPU
		{9CC183DF-873D-42B2-8B6C-F3328F2F3EA4}.Debug|Any CPU.Build.0 = Debug|Any CPU
		{9CC183DF-873D-42B2-8B6C-F3328F2F3EA4}.Release|Any CPU.ActiveCfg = Release|Any CPU
		{9CC183DF-873D-42B2-8B6C-F3328F2F3EA4}.Release|Any CPU.Build.0 = Release|Any CPU
	EndGlobalSection
	GlobalSection(SolutionProperties) = preSolution
		HideSolutionNode = FALSE
	EndGlobalSection
EndGlobal
